
Microsoft Visual Studio Solution File, Format Version 12.00
# Visual Studio Version 17
VisualStudioVersion = 17.1.32421.90
MinimumVisualStudioVersion = 10.0.40219.1
Project("{FAE04EC0-301F-11D3-BF4B-00C04F79EFBC}") = "MyStudyApp", "MyStudyApp\MyStudyApp.csproj", "{9DE3EC07-41C0-4E8A-98F8-E8B35597101B}"
EndProject
Global
	GlobalSection(SolutionConfigurationPlatforms) = preSolution
		Debug|Any CPU = Debug|Any CPU
		Release|Any CPU = Release|Any CPU
	EndGlobalSection
	GlobalSection(ProjectConfigurationPlatforms) = postSolution
		{9DE3EC07-41C0-4E8A-98F8-E8B35597101B}.Debug|Any CPU.ActiveCfg = Debug|Any CPU
		{9DE3EC07-41C0-4E8A-98F8-E8B35597101B}.Debug|Any CPU.Build.0 = Debug|Any CPU
		{9DE3EC07-41C0-4E8A-98F8-E8B35597101B}.Release|Any CPU.ActiveCfg = Release|Any CPU
		{9DE3EC07-41C0-4E8A-98F8-E8B35597101B}.Release|Any CPU.Build.0 = Release|Any CPU
	EndGlobalSection
	GlobalSection(SolutionProperties) = preSolution
		HideSolutionNode = FALSE
	EndGlobalSection
	GlobalSection(ExtensibilityGlobals) = postSolution
		SolutionGuid = {60FBD7D5-73C2-4B99-A4D2-9CE7F7B70418}
	EndGlobalSection
EndGlobal
